speakeasyVersion: 1.709.4
sources:
    Mix REST API:
        sourceNamespace: mix-rest-api
        sourceRevisionDigest: sha256:91683487896e61cf18cc0a61a53b617d1a3c4331fd87c0b43e74fa027b7e189a
        sourceBlobDigest: sha256:b5c4962713ec130353431fd74b4ab25956b699eacebb2e0a701f6c6d4d00632f
        tags:
            - latest
            - 1.0.0
targets:
    mix:
        source: Mix REST API
        sourceNamespace: mix-rest-api
        sourceRevisionDigest: sha256:91683487896e61cf18cc0a61a53b617d1a3c4331fd87c0b43e74fa027b7e189a
        sourceBlobDigest: sha256:b5c4962713ec130353431fd74b4ab25956b699eacebb2e0a701f6c6d4d00632f
        codeSamplesNamespace: mix-rest-api-go-code-samples
        codeSamplesRevisionDigest: sha256:ece10707cacfd9af565ce4e25f432151e0dab66e1ba8496277f6214d715a7154
workflow:
    workflowVersion: 1.0.0
    speakeasyVersion: latest
    sources:
        Mix REST API:
            inputs:
                - location: ../mix/mix_sdk/openapi.json
            output: .speakeasy/out.openapi.yaml
            registry:
                location: registry.speakeasyapi.dev/recreate/mix/mix-rest-api
    targets:
        mix:
            target: go
            source: Mix REST API
            codeSamples:
                registry:
                    location: registry.speakeasyapi.dev/recreate/mix/mix-rest-api-go-code-samples
                labelOverride:
                    fixedValue: Go (SDK)
                blocking: false
