speakeasyVersion: 1.658.1
sources:
    Mix REST API:
        sourceNamespace: mix-rest-api
        sourceRevisionDigest: sha256:29c0c7cceb25b19405de8611ce9abb6b368df2cd426ce1ac45829ece5f7860ea
        sourceBlobDigest: sha256:54b91eb8b4331bad052dde0ac28e39044bbce7549dd39563f92d6f2cb278fc60
        tags:
            - latest
            - 1.0.0
targets:
    mix:
        source: Mix REST API
        sourceNamespace: mix-rest-api
        sourceRevisionDigest: sha256:29c0c7cceb25b19405de8611ce9abb6b368df2cd426ce1ac45829ece5f7860ea
        sourceBlobDigest: sha256:54b91eb8b4331bad052dde0ac28e39044bbce7549dd39563f92d6f2cb278fc60
        codeSamplesNamespace: mix-rest-api-go-code-samples
        codeSamplesRevisionDigest: sha256:fb861b2a4e06b83d6c963f036e9512ce67a8818150a2bb83c103bf9b0193157a
workflow:
    workflowVersion: 1.0.0
    speakeasyVersion: latest
    sources:
        Mix REST API:
            inputs:
                - location: ../mix/mix_sdk/openapi.json
            output: .speakeasy/out.openapi.yaml
            registry:
                location: registry.speakeasyapi.dev/recreate/mix/mix-rest-api
    targets:
        mix:
            target: go
            source: Mix REST API
            codeSamples:
                registry:
                    location: registry.speakeasyapi.dev/recreate/mix/mix-rest-api-go-code-samples
                labelOverride:
                    fixedValue: Go (SDK)
                blocking: false
