speakeasyVersion: 1.716.1
sources:
    Mix REST API:
        sourceNamespace: mix-rest-api
        sourceRevisionDigest: sha256:e584346770daf6d8d05a663993e3ba8b0b2b429369795eab7b2026fa905461f6
        sourceBlobDigest: sha256:bfed1be92d473fdd9318743aaadbe2aaf387a2e800061b1d8774e1952d205a50
        tags:
            - latest
            - 1.0.0
targets:
    mix:
        source: Mix REST API
        sourceNamespace: mix-rest-api
        sourceRevisionDigest: sha256:e584346770daf6d8d05a663993e3ba8b0b2b429369795eab7b2026fa905461f6
        sourceBlobDigest: sha256:bfed1be92d473fdd9318743aaadbe2aaf387a2e800061b1d8774e1952d205a50
        codeSamplesNamespace: mix-rest-api-go-code-samples
        codeSamplesRevisionDigest: sha256:bbf7eec8a5023dcf1d8fcc276369b7f9ac040fa0b9f523e17fd81dd3ee0d8736
workflow:
    workflowVersion: 1.0.0
    speakeasyVersion: latest
    sources:
        Mix REST API:
            inputs:
                - location: ../mix/mix_sdk/openapi.json
            output: .speakeasy/out.openapi.yaml
            registry:
                location: registry.speakeasyapi.dev/recreate/mix/mix-rest-api
    targets:
        mix:
            target: go
            source: Mix REST API
            codeSamples:
                registry:
                    location: registry.speakeasyapi.dev/recreate/mix/mix-rest-api-go-code-samples
                labelOverride:
                    fixedValue: Go (SDK)
                blocking: false
